
Microsoft Visual Studio Solution File, Format Version 12.00
# Visual Studio Version 16
VisualStudioVersion = 16.0.31105.61
MinimumVisualStudioVersion = 10.0.40219.1
Project("{FAE04EC0-301F-11D3-BF4B-00C04F79EFBC}") = "WordsToNumber", "WordsToNumber\WordsToNumber.csproj", "{3A1C8D22-3A19-4B30-8A77-7C1E4584F56F}"
EndProject
Project("{FAE04EC0-301F-11D3-BF4B-00C04F79EFBC}") = "Sandbox", "Sandbox\Sandbox.csproj", "{6F0890ED-70AF-4960-8CA6-1A9263069962}"
EndProject
Global
	GlobalSection(SolutionConfigurationPlatforms) = preSolution
		Debug|Any CPU = Debug|Any CPU
		Release|Any CPU = Release|Any CPU
	EndGlobalSection
	GlobalSection(ProjectConfigurationPlatforms) = postSolution
		{3A1C8D22-3A19-4B30-8A77-7C1E4584F56F}.Debug|Any CPU.ActiveCfg = Debug|Any CPU
		{3A1C8D22-3A19-4B30-8A77-7C1E4584F56F}.Debug|Any CPU.Build.0 = Debug|Any CPU
		{3A1C8D22-3A19-4B30-8A77-7C1E4584F56F}.Release|Any CPU.ActiveCfg = Release|Any CPU
		{3A1C8D22-3A19-4B30-8A77-7C1E4584F56F}.Release|Any CPU.Build.0 = Release|Any CPU
		{6F0890ED-70AF-4960-8CA6-1A9263069962}.Debug|Any CPU.ActiveCfg = Debug|Any CPU
		{6F0890ED-70AF-4960-8CA6-1A9263069962}.Debug|Any CPU.Build.0 = Debug|Any CPU
		{6F0890ED-70AF-4960-8CA6-1A9263069962}.Release|Any CPU.ActiveCfg = Release|Any CPU
		{6F0890ED-70AF-4960-8CA6-1A9263069962}.Release|Any CPU.Build.0 = Release|Any CPU
	EndGlobalSection
	GlobalSection(SolutionProperties) = preSolution
		HideSolutionNode = FALSE
	EndGlobalSection
	GlobalSection(ExtensibilityGlobals) = postSolution
		SolutionGuid = {F5B837D2-4308-4FA8-A7EC-F1F4F6D5AB94}
	EndGlobalSection
EndGlobal
